
Microsoft Visual Studio Solution File, Format Version 12.00
# Visual Studio Version 16
VisualStudioVersion = 16.0.30523.141
MinimumVisualStudioVersion = 10.0.40219.1
Project("{FAE04EC0-301F-11D3-BF4B-00C04F79EFBC}") = "exercicio Enumeraçao 2 (string builder)", "exercicio Enumeraçao 2 (string builder)\exercicio Enumeraçao 2 (string builder).csproj", "{45AD5A2C-E6ED-4BF0-B686-26EA0A0AA949}"
EndProject
Global
	GlobalSection(SolutionConfigurationPlatforms) = preSolution
		Debug|Any CPU = Debug|Any CPU
		Release|Any CPU = Release|Any CPU
	EndGlobalSection
	GlobalSection(ProjectConfigurationPlatforms) = postSolution
		{45AD5A2C-E6ED-4BF0-B686-26EA0A0AA949}.Debug|Any CPU.ActiveCfg = Debug|Any CPU
		{45AD5A2C-E6ED-4BF0-B686-26EA0A0AA949}.Debug|Any CPU.Build.0 = Debug|Any CPU
		{45AD5A2C-E6ED-4BF0-B686-26EA0A0AA949}.Release|Any CPU.ActiveCfg = Release|Any CPU
		{45AD5A2C-E6ED-4BF0-B686-26EA0A0AA949}.Release|Any CPU.Build.0 = Release|Any CPU
	EndGlobalSection
	GlobalSection(SolutionProperties) = preSolution
		HideSolutionNode = FALSE
	EndGlobalSection
	GlobalSection(ExtensibilityGlobals) = postSolution
		SolutionGuid = {55A6DD9D-FC66-4E8D-A5F0-7110BC6D4BC1}
	EndGlobalSection
EndGlobal
